
Microsoft Visual Studio Solution File, Format Version 12.00
# Visual Studio Version 16
VisualStudioVersion = 16.0.30907.101
MinimumVisualStudioVersion = 10.0.40219.1
Project("{FAE04EC0-301F-11D3-BF4B-00C04F79EFBC}") = "CIS-199-02 Lab-4", "CIS-199-02 Lab-4\CIS-199-02 Lab-4.csproj", "{26A8677B-FE38-4D8E-A4D7-DA622D051864}"
EndProject
Global
	GlobalSection(SolutionConfigurationPlatforms) = preSolution
		Debug|Any CPU = Debug|Any CPU
		Release|Any CPU = Release|Any CPU
	EndGlobalSection
	GlobalSection(ProjectConfigurationPlatforms) = postSolution
		{26A8677B-FE38-4D8E-A4D7-DA622D051864}.Debug|Any CPU.ActiveCfg = Debug|Any CPU
		{26A8677B-FE38-4D8E-A4D7-DA622D051864}.Debug|Any CPU.Build.0 = Debug|Any CPU
		{26A8677B-FE38-4D8E-A4D7-DA622D051864}.Release|Any CPU.ActiveCfg = Release|Any CPU
		{26A8677B-FE38-4D8E-A4D7-DA622D051864}.Release|Any CPU.Build.0 = Release|Any CPU
	EndGlobalSection
	GlobalSection(SolutionProperties) = preSolution
		HideSolutionNode = FALSE
	EndGlobalSection
	GlobalSection(ExtensibilityGlobals) = postSolution
		SolutionGuid = {689083DA-1BC8-46C3-8339-5C2BDC6DA5C4}
	EndGlobalSection
EndGlobal
