
Microsoft Visual Studio Solution File, Format Version 12.00
# Visual Studio Version 16
VisualStudioVersion = 16.0.31613.86
MinimumVisualStudioVersion = 10.0.40219.1
Project("{FAE04EC0-301F-11D3-BF4B-00C04F79EFBC}") = "CIS200 Program 0", "CIS200 Program 0\CIS200 Program 0.csproj", "{29DC5965-1B79-4142-891E-3E607B593B2D}"
EndProject
Global
	GlobalSection(SolutionConfigurationPlatforms) = preSolution
		Debug|Any CPU = Debug|Any CPU
		Release|Any CPU = Release|Any CPU
	EndGlobalSection
	GlobalSection(ProjectConfigurationPlatforms) = postSolution
		{29DC5965-1B79-4142-891E-3E607B593B2D}.Debug|Any CPU.ActiveCfg = Debug|Any CPU
		{29DC5965-1B79-4142-891E-3E607B593B2D}.Debug|Any CPU.Build.0 = Debug|Any CPU
		{29DC5965-1B79-4142-891E-3E607B593B2D}.Release|Any CPU.ActiveCfg = Release|Any CPU
		{29DC5965-1B79-4142-891E-3E607B593B2D}.Release|Any CPU.Build.0 = Release|Any CPU
	EndGlobalSection
	GlobalSection(SolutionProperties) = preSolution
		HideSolutionNode = FALSE
	EndGlobalSection
	GlobalSection(ExtensibilityGlobals) = postSolution
		SolutionGuid = {B84E4BBE-3D31-48E6-B633-2F8B5B16928B}
	EndGlobalSection
EndGlobal
